
Microsoft Visual Studio Solution File, Format Version 12.00
# Visual Studio 14
VisualStudioVersion = 14.0.25420.1
MinimumVisualStudioVersion = 10.0.40219.1
Project("{2150E333-8FDC-42A3-9474-1A3956D46DE8}") = "src", "src", "{7D934CF1-AF2A-430A-AEE8-097580F3504C}"
EndProject
Project("{2150E333-8FDC-42A3-9474-1A3956D46DE8}") = "Solution Items", "Solution Items", "{5311C1C9-D07C-481A-8D0B-C6C6AD23726A}"
	ProjectSection(SolutionItems) = preProject
		global.json = global.json
	EndProjectSection
EndProject
Project("{8BB2217D-0F2D-49D1-97BC-3654ED321F3B}") = "CodeChallenge_NET", "src\CodeChallenge_NET\CodeChallenge_NET.xproj", "{B170EBEE-ECF3-40C2-A2F4-6C4EED046429}"
	ProjectSection(ProjectDependencies) = postProject
		{84471A84-4E8D-4E83-8DDD-6670F8C6BA32} = {84471A84-4E8D-4E83-8DDD-6670F8C6BA32}
		{90C956A4-8128-46DA-9BB5-40BBE130E324} = {90C956A4-8128-46DA-9BB5-40BBE130E324}
	EndProjectSection
EndProject
Project("{8BB2217D-0F2D-49D1-97BC-3654ED321F3B}") = "DataAccess", "src\DataAccess\DataAccess.xproj", "{90C956A4-8128-46DA-9BB5-40BBE130E324}"
	ProjectSection(ProjectDependencies) = postProject
		{84471A84-4E8D-4E83-8DDD-6670F8C6BA32} = {84471A84-4E8D-4E83-8DDD-6670F8C6BA32}
	EndProjectSection
EndProject
Project("{8BB2217D-0F2D-49D1-97BC-3654ED321F3B}") = "DataModels", "src\DataModels\DataModels.xproj", "{84471A84-4E8D-4E83-8DDD-6670F8C6BA32}"
EndProject
Global
	GlobalSection(SolutionConfigurationPlatforms) = preSolution
		Debug|Any CPU = Debug|Any CPU
		Release|Any CPU = Release|Any CPU
	EndGlobalSection
	GlobalSection(ProjectConfigurationPlatforms) = postSolution
		{B170EBEE-ECF3-40C2-A2F4-6C4EED046429}.Debug|Any CPU.ActiveCfg = Debug|Any CPU
		{B170EBEE-ECF3-40C2-A2F4-6C4EED046429}.Debug|Any CPU.Build.0 = Debug|Any CPU
		{B170EBEE-ECF3-40C2-A2F4-6C4EED046429}.Release|Any CPU.ActiveCfg = Release|Any CPU
		{B170EBEE-ECF3-40C2-A2F4-6C4EED046429}.Release|Any CPU.Build.0 = Release|Any CPU
		{90C956A4-8128-46DA-9BB5-40BBE130E324}.Debug|Any CPU.ActiveCfg = Debug|Any CPU
		{90C956A4-8128-46DA-9BB5-40BBE130E324}.Debug|Any CPU.Build.0 = Debug|Any CPU
		{90C956A4-8128-46DA-9BB5-40BBE130E324}.Release|Any CPU.ActiveCfg = Release|Any CPU
		{90C956A4-8128-46DA-9BB5-40BBE130E324}.Release|Any CPU.Build.0 = Release|Any CPU
		{84471A84-4E8D-4E83-8DDD-6670F8C6BA32}.Debug|Any CPU.ActiveCfg = Debug|Any CPU
		{84471A84-4E8D-4E83-8DDD-6670F8C6BA32}.Debug|Any CPU.Build.0 = Debug|Any CPU
		{84471A84-4E8D-4E83-8DDD-6670F8C6BA32}.Release|Any CPU.ActiveCfg = Release|Any CPU
		{84471A84-4E8D-4E83-8DDD-6670F8C6BA32}.Release|Any CPU.Build.0 = Release|Any CPU
	EndGlobalSection
	GlobalSection(SolutionProperties) = preSolution
		HideSolutionNode = FALSE
	EndGlobalSection
	GlobalSection(NestedProjects) = preSolution
		{B170EBEE-ECF3-40C2-A2F4-6C4EED046429} = {7D934CF1-AF2A-430A-AEE8-097580F3504C}
		{90C956A4-8128-46DA-9BB5-40BBE130E324} = {7D934CF1-AF2A-430A-AEE8-097580F3504C}
		{84471A84-4E8D-4E83-8DDD-6670F8C6BA32} = {7D934CF1-AF2A-430A-AEE8-097580F3504C}
	EndGlobalSection
EndGlobal
